// !$*UTF8*$!
{
	archiveVersion = 1;
	classes = {
	};
	objectVersion = 46;
	objects = {

/* Begin PBXBuildFile section */
		2E3E1D651E818FCE006CFD9F /* FacialExpressions.swift in Sources */ = {isa = PBXBuildFile; fileRef = 2E3E1D641E818FCE006CFD9F /* FacialExpressions.swift */; };
		2EB41F8B1E8040BE00F3CBED /* AppDelegate.swift in Sources */ = {isa = PBXBuildFile; fileRef = 2EB41F8A1E8040BE00F3CBED /* AppDelegate.swift */; };
		2EB41F8D1E8040BE00F3CBED /* FaceViewController.swift in Sources */ = {isa = PBXBuildFile; fileRef = 2EB41F8C1E8040BE00F3CBED /* FaceViewController.swift */; };
		2EB41F901E8040BE00F3CBED /* Main.storyboard in Resources */ = {isa = PBXBuildFile; fileRef = 2EB41F8E1E8040BE00F3CBED /* Main.storyboard */; };
		2EB41F921E8040BE00F3CBED /* Assets.xcassets in Resources */ = {isa = PBXBuildFile; fileRef = 2EB41F911E8040BE00F3CBED /* Assets.xcassets */; };
		2EB41F951E8040BE00F3CBED /* LaunchScreen.storyboard in Resources */ = {isa = PBXBuildFile; fileRef = 2EB41F931E8040BE00F3CBED /* LaunchScreen.storyboard */; };
		2EB41F9E1E80413D00F3CBED /* FaceView.swift in Sources */ = {isa = PBXBuildFile; fileRef = 2EB41F9D1E80413D00F3CBED /* FaceView.swift */; };
/* End PBXBuildFile section */

/* Begin PBXFileReference section */
		2E3E1D641E818FCE006CFD9F /* FacialExpressions.swift */ = {isa = PBXFileReference; fileEncoding = 4; lastKnownFileType = sourcecode.swift; path = FacialExpressions.swift; sourceTree = "<group>"; };
		2EB41F871E8040BE00F3CBED /* Face.app */ = {isa = PBXFileReference; explicitFileType = wrapper.application; includeInIndex = 0; path = Face.app; sourceTree = BUILT_PRODUCTS_DIR; };
		2EB41F8A1E8040BE00F3CBED /* AppDelegate.swift */ = {isa = PBXFileReference; lastKnownFileType = sourcecode.swift; path = AppDelegate.swift; sourceTree = "<group>"; };
		2EB41F8C1E8040BE00F3CBED /* FaceViewController.swift */ = {isa = PBXFileReference; lastKnownFileType = sourcecode.swift; path = FaceViewController.swift; sourceTree = "<group>"; };
		2EB41F8F1E8040BE00F3CBED /* Base */ = {isa = PBXFileReference; lastKnownFileType = file.storyboard; name = Base; path = Base.lproj/Main.storyboard; sourceTree = "<group>"; };
		2EB41F911E8040BE00F3CBED /* Assets.xcassets */ = {isa = PBXFileReference; lastKnownFileType = folder.assetcatalog; path = Assets.xcassets; sourceTree = "<group>"; };
		2EB41F941E8040BE00F3CBED /* Base */ = {isa = PBXFileReference; lastKnownFileType = file.storyboard; name = Base; path = Base.lproj/LaunchScreen.storyboard; sourceTree = "<group>"; };
		2EB41F961E8040BE00F3CBED /* Info.plist */ = {isa = PBXFileReference; lastKnownFileType = text.plist.xml; path = Info.plist; sourceTree = "<group>"; };
		2EB41F9D1E80413D00F3CBED /* FaceView.swift */ = {isa = PBXFileReference; fileEncoding = 4; lastKnownFileType = sourcecode.swift; path = FaceView.swift; sourceTree = "<group>"; };
/* End PBXFileReference section */

/* Begin PBXFrameworksBuildPhase section */
		2EB41F841E8040BD00F3CBED /* Frameworks */ = {
			isa = PBXFrameworksBuildPhase;
			buildActionMask = 2147483647;
			files = (
			);
			runOnlyForDeploymentPostprocessing = 0;
		};
/* End PBXFrameworksBuildPhase section */

/* Begin PBXGroup section */
		2EB41F7E1E8040BD00F3CBED = {
			isa = PBXGroup;
			children = (
				2EB41F891E8040BE00F3CBED /* Face */,
				2EB41F881E8040BE00F3CBED /* Products */,
			);
			sourceTree = "<group>";
		};
		2EB41F881E8040BE00F3CBED /* Products */ = {
			isa = PBXGroup;
			children = (
				2EB41F871E8040BE00F3CBED /* Face.app */,
			);
			name = Products;
			sourceTree = "<group>";
		};
		2EB41F891E8040BE00F3CBED /* Face */ = {
			isa = PBXGroup;
			children = (
				2EB41F9C1E8040D200F3CBED /* SupportingFiles */,
				2EB41F8C1E8040BE00F3CBED /* FaceViewController.swift */,
				2EB41F9D1E80413D00F3CBED /* FaceView.swift */,
				2EB41F8E1E8040BE00F3CBED /* Main.storyboard */,
				2E3E1D641E818FCE006CFD9F /* FacialExpressions.swift */,
			);
			path = Face;
			sourceTree = "<group>";
		};
		2EB41F9C1E8040D200F3CBED /* SupportingFiles */ = {
			isa = PBXGroup;
			children = (
				2EB41F8A1E8040BE00F3CBED /* AppDelegate.swift */,
				2EB41F911E8040BE00F3CBED /* Assets.xcassets */,
				2EB41F931E8040BE00F3CBED /* LaunchScreen.storyboard */,
				2EB41F961E8040BE00F3CBED /* Info.plist */,
			);
			name = SupportingFiles;
			sourceTree = "<group>";
		};
/* End PBXGroup section */

/* Begin PBXNativeTarget section */
		2EB41F861E8040BD00F3CBED /* Face */ = {
			isa = PBXNativeTarget;
			buildConfigurationList = 2EB41F991E8040BE00F3CBED /* Build configuration list for PBXNativeTarget "Face" */;
			buildPhases = (
				2EB41F831E8040BD00F3CBED /* Sources */,
				2EB41F841E8040BD00F3CBED /* Frameworks */,
				2EB41F851E8040BD00F3CBED /* Resources */,
			);
			buildRules = (
			);
			dependencies = (
			);
			name = Face;
			productName = Face;
			productReference = 2EB41F871E8040BE00F3CBED /* Face.app */;
			productType = "com.apple.product-type.application";
		};
/* End PBXNativeTarget section */

/* Begin PBXProject section */
		2EB41F7F1E8040BD00F3CBED /* Project object */ = {
			isa = PBXProject;
			attributes = {
				LastSwiftUpdateCheck = 0720;
				LastUpgradeCheck = 0820;
				ORGANIZATIONNAME = SebastianScales;
				TargetAttributes = {
					2EB41F861E8040BD00F3CBED = {
						CreatedOnToolsVersion = 7.2;
						DevelopmentTeam = TPH39874G2;
						LastSwiftMigration = 0820;
					};
				};
			};
			buildConfigurationList = 2EB41F821E8040BD00F3CBED /* Build configuration list for PBXProject "Face" */;
			compatibilityVersion = "Xcode 3.2";
			developmentRegion = English;
			hasScannedForEncodings = 0;
			knownRegions = (
				en,
				Base,
			);
			mainGroup = 2EB41F7E1E8040BD00F3CBED;
			productRefGroup = 2EB41F881E8040BE00F3CBED /* Products */;
			projectDirPath = "";
			projectRoot = "";
			targets = (
				2EB41F861E8040BD00F3CBED /* Face */,
			);
		};
/* End PBXProject section */

/* Begin PBXResourcesBuildPhase section */
		2EB41F851E8040BD00F3CBED /* Resources */ = {
			isa = PBXResourcesBuildPhase;
			buildActionMask = 2147483647;
			files = (
				2EB41F951E8040BE00F3CBED /* LaunchScreen.storyboard in Resources */,
				2EB41F921E8040BE00F3CBED /* Assets.xcassets in Resources */,
				2EB41F901E8040BE00F3CBED /* Main.storyboard in Resources */,
			);
			runOnlyForDeploymentPostprocessing = 0;
		};
/* End PBXResourcesBuildPhase section */

/* Begin PBXSourcesBuildPhase section */
		2EB41F831E8040BD00F3CBED /* Sources */ = {
			isa = PBXSourcesBuildPhase;
			buildActionMask = 2147483647;
			files = (
				2EB41F8D1E8040BE00F3CBED /* FaceViewController.swift in Sources */,
				2E3E1D651E818FCE006CFD9F /* FacialExpressions.swift in Sources */,
				2EB41F8B1E8040BE00F3CBED /* AppDelegate.swift in Sources */,
				2EB41F9E1E80413D00F3CBED /* FaceView.swift in Sources */,
			);
			runOnlyForDeploymentPostprocessing = 0;
		};
/* End PBXSourcesBuildPhase section */

/* Begin PBXVariantGroup section */
		2EB41F8E1E8040BE00F3CBED /* Main.storyboard */ = {
			isa = PBXVariantGroup;
			children = (
				2EB41F8F1E8040BE00F3CBED /* Base */,
			);
			name = Main.storyboard;
			sourceTree = "<group>";
		};
		2EB41F931E8040BE00F3CBED /* LaunchScreen.storyboard */ = {
			isa = PBXVariantGroup;
			children = (
				2EB41F941E8040BE00F3CBED /* Base */,
			);
			name = LaunchScreen.storyboard;
			sourceTree = "<group>";
		};
/* End PBXVariantGroup section */

/* Begin XCBuildConfiguration section */
		2EB41F971E8040BE00F3CBED /* Debug */ = {
			isa = XCBuildConfiguration;
			buildSettings = {
				ALWAYS_SEARCH_USER_PATHS = NO;
				CLANG_CXX_LANGUAGE_STANDARD = "gnu++0x";
				CLANG_CXX_LIBRARY = "libc++";
				CLANG_ENABLE_MODULES = YES;
				CLANG_ENABLE_OBJC_ARC = YES;
				CLANG_WARN_BOOL_CONVERSION = YES;
				CLANG_WARN_CONSTANT_CONVERSION = YES;
				CLANG_WARN_DIRECT_OBJC_ISA_USAGE = YES_ERROR;
				CLANG_WARN_EMPTY_BODY = YES;
				CLANG_WARN_ENUM_CONVERSION = YES;
				CLANG_WARN_INFINITE_RECURSION = YES;
				CLANG_WARN_INT_CONVERSION = YES;
				CLANG_WARN_OBJC_ROOT_CLASS = YES_ERROR;
				CLANG_WARN_SUSPICIOUS_MOVE = YES;
				CLANG_WARN_UNREACHABLE_CODE = YES;
				CLANG_WARN__DUPLICATE_METHOD_MATCH = YES;
				"CODE_SIGN_IDENTITY[sdk=iphoneos*]" = "iPhone Developer";
				COPY_PHASE_STRIP = NO;
				DEBUG_INFORMATION_FORMAT = dwarf;
				ENABLE_STRICT_OBJC_MSGSEND = YES;
				ENABLE_TESTABILITY = YES;
				GCC_C_LANGUAGE_STANDARD = gnu99;
				GCC_DYNAMIC_NO_PIC = NO;
				GCC_NO_COMMON_BLOCKS = YES;
				GCC_OPTIMIZATION_LEVEL = 0;
				GCC_PREPROCESSOR_DEFINITIONS = (
					"DEBUG=1",
					"$(inherited)",
				);
				GCC_WARN_64_TO_32_BIT_CONVERSION = YES;
				GCC_WARN_ABOUT_RETURN_TYPE = YES_ERROR;
				GCC_WARN_UNDECLARED_SELECTOR = YES;
				GCC_WARN_UNINITIALIZED_AUTOS = YES_AGGRESSIVE;
				GCC_WARN_UNUSED_FUNCTION = YES;
				GCC_WARN_UNUSED_VARIABLE = YES;
				IPHONEOS_DEPLOYMENT_TARGET = 9.2;
				MTL_ENABLE_DEBUG_INFO = YES;
				ONLY_ACTIVE_ARCH = YES;
				SDKROOT = iphoneos;
				SWIFT_OPTIMIZATION_LEVEL = "-Onone";
				TARGETED_DEVICE_FAMILY = "1,2";
			};
			name = Debug;
		};
		2EB41F981E8040BE00F3CBED /* Release */ = {
			isa = XCBuildConfiguration;
			buildSettings = {
				ALWAYS_SEARCH_USER_PATHS = NO;
				CLANG_CXX_LANGUAGE_STANDARD = "gnu++0x";
				CLANG_CXX_LIBRARY = "libc++";
				CLANG_ENABLE_MODULES = YES;
				CLANG_ENABLE_OBJC_ARC = YES;
				CLANG_WARN_BOOL_CONVERSION = YES;
				CLANG_WARN_CONSTANT_CONVERSION = YES;
				CLANG_WARN_DIRECT_OBJC_ISA_USAGE = YES_ERROR;
				CLANG_WARN_EMPTY_BODY = YES;
				CLANG_WARN_ENUM_CONVERSION = YES;
				CLANG_WARN_INFINITE_RECURSION = YES;
				CLANG_WARN_INT_CONVERSION = YES;
				CLANG_WARN_OBJC_ROOT_CLASS = YES_ERROR;
				CLANG_WARN_SUSPICIOUS_MOVE = YES;
				CLANG_WARN_UNREACHABLE_CODE = YES;
				CLANG_WARN__DUPLICATE_METHOD_MATCH = YES;
				"CODE_SIGN_IDENTITY[sdk=iphoneos*]" = "iPhone Developer";
				COPY_PHASE_STRIP = NO;
				DEBUG_INFORMATION_FORMAT = "dwarf-with-dsym";
				ENABLE_NS_ASSERTIONS = NO;
				ENABLE_STRICT_OBJC_MSGSEND = YES;
				GCC_C_LANGUAGE_STANDARD = gnu99;
				GCC_NO_COMMON_BLOCKS = YES;
				GCC_WARN_64_TO_32_BIT_CONVERSION = YES;
				GCC_WARN_ABOUT_RETURN_TYPE = YES_ERROR;
				GCC_WARN_UNDECLARED_SELECTOR = YES;
				GCC_WARN_UNINITIALIZED_AUTOS = YES_AGGRESSIVE;
				GCC_WARN_UNUSED_FUNCTION = YES;
				GCC_WARN_UNUSED_VARIABLE = YES;
				IPHONEOS_DEPLOYMENT_TARGET = 9.2;
				MTL_ENABLE_DEBUG_INFO = NO;
				SDKROOT = iphoneos;
				SWIFT_OPTIMIZATION_LEVEL = "-Owholemodule";
				TARGETED_DEVICE_FAMILY = "1,2";
				VALIDATE_PRODUCT = YES;
			};
			name = Release;
		};
		2EB41F9A1E8040BE00F3CBED /* Debug */ = {
			isa = XCBuildConfiguration;
			buildSettings = {
				ASSETCATALOG_COMPILER_APPICON_NAME = AppIcon;
				INFOPLIST_FILE = Face/Info.plist;
				LD_RUNPATH_SEARCH_PATHS = "$(inherited) @executable_path/Frameworks";
				PRODUCT_BUNDLE_IDENTIFIER = ScalesSebastian.Face;
				PRODUCT_NAME = "$(TARGET_NAME)";
				SWIFT_VERSION = 3.0;
			};
			name = Debug;
		};
		2EB41F9B1E8040BE00F3CBED /* Release */ = {
			isa = XCBuildConfiguration;
			buildSettings = {
				ASSETCATALOG_COMPILER_APPICON_NAME = AppIcon;
				INFOPLIST_FILE = Face/Info.plist;
				LD_RUNPATH_SEARCH_PATHS = "$(inherited) @executable_path/Frameworks";
				PRODUCT_BUNDLE_IDENTIFIER = ScalesSebastian.Face;
				PRODUCT_NAME = "$(TARGET_NAME)";
				SWIFT_VERSION = 3.0;
			};
			name = Release;
		};
/* End XCBuildConfiguration section */

/* Begin XCConfigurationList section */
		2EB41F821E8040BD00F3CBED /* Build configuration list for PBXProject "Face" */ = {
			isa = XCConfigurationList;
			buildConfigurations = (
				2EB41F971E8040BE00F3CBED /* Debug */,
				2EB41F981E8040BE00F3CBED /* Release */,
			);
			defaultConfigurationIsVisible = 0;
			defaultConfigurationName = Release;
		};
		2EB41F991E8040BE00F3CBED /* Build configuration list for PBXNativeTarget "Face" */ = {
			isa = XCConfigurationList;
			buildConfigurations = (
				2EB41F9A1E8040BE00F3CBED /* Debug */,
				2EB41F9B1E8040BE00F3CBED /* Release */,
			);
			defaultConfigurationIsVisible = 0;
			defaultConfigurationName = Release;
		};
/* End XCConfigurationList section */
	};
	rootObject = 2EB41F7F1E8040BD00F3CBED /* Project object */;
}
